
Microsoft Visual Studio Solution File, Format Version 12.00
# Visual Studio Version 17
VisualStudioVersion = 17.14.36518.9
MinimumVisualStudioVersion = 10.0.40219.1
Project("{9A19103F-16F7-4668-BE54-9A1E7A4F7556}") = "WeatherApp", "WeatherApp\WeatherApp.csproj", "{16332C56-CAB0-4041-B818-3736C3ED6C82}"
EndProject
Project("{9A19103F-16F7-4668-BE54-9A1E7A4F7556}") = "WeatherClient", "WeatherClient\WeatherClient.csproj", "{6AF5DBA5-2C34-4B38-A8C1-5658D13C5FF6}"
EndProject
Global
	GlobalSection(SolutionConfigurationPlatforms) = preSolution
		Debug|Any CPU = Debug|Any CPU
		Release|Any CPU = Release|Any CPU
	EndGlobalSection
	GlobalSection(ProjectConfigurationPlatforms) = postSolution
		{16332C56-CAB0-4041-B818-3736C3ED6C82}.Debug|Any CPU.ActiveCfg = Debug|Any CPU
		{16332C56-CAB0-4041-B818-3736C3ED6C82}.Debug|Any CPU.Build.0 = Debug|Any CPU
		{16332C56-CAB0-4041-B818-3736C3ED6C82}.Release|Any CPU.ActiveCfg = Release|Any CPU
		{16332C56-CAB0-4041-B818-3736C3ED6C82}.Release|Any CPU.Build.0 = Release|Any CPU
		{6AF5DBA5-2C34-4B38-A8C1-5658D13C5FF6}.Debug|Any CPU.ActiveCfg = Debug|Any CPU
		{6AF5DBA5-2C34-4B38-A8C1-5658D13C5FF6}.Debug|Any CPU.Build.0 = Debug|Any CPU
		{6AF5DBA5-2C34-4B38-A8C1-5658D13C5FF6}.Release|Any CPU.ActiveCfg = Release|Any CPU
		{6AF5DBA5-2C34-4B38-A8C1-5658D13C5FF6}.Release|Any CPU.Build.0 = Release|Any CPU
	EndGlobalSection
	GlobalSection(SolutionProperties) = preSolution
		HideSolutionNode = FALSE
	EndGlobalSection
	GlobalSection(ExtensibilityGlobals) = postSolution
		SolutionGuid = {5D7FA20B-3E06-4533-BC06-9F760F06F29A}
	EndGlobalSection
EndGlobal
